{
  "name": "blog-preview-card",
  "version": "1.0.0",
  "lockfileVersion": 3,
  "requires": true,
  "packages": {
    "": {
      "name": "blog-preview-card",
      "version": "1.0.0",
      "license": "ISC"
    },
    "../../Movie List/js/FluidScale": {
      "name": "fluidscale",
      "version": "1.0.0",
      "license": "ISC"
    },
    "../../Tool test/scope-css": {
      "version": "1.0.0",
      "extraneous": true,
      "bin": {
        "scope-css-build": "bin/scoped-css.cjs",
        "scope-css-dev": "watch.cjs"
      },
      "devDependencies": {
        "css-select": "^5.1.0",
        "dom-serializer": "^2.0.0",
        "globby": "^11.1.0",
        "htmlparser2": "^10.0.0",
        "micromatch": "^4.0.8",
        "minimatch": "^10.0.1",
        "postcss": "^8.5.3"
      }
    },
    "node_modules/fluidscale": {
      "resolved": "../../Movie List/js/FluidScale",
      "link": true
    }
  }
}
